
Microsoft Visual Studio Solution File, Format Version 12.00
# Visual Studio Version 17
VisualStudioVersion = 17.0.31903.59
MinimumVisualStudioVersion = 10.0.40219.1
Project("{FAE04EC0-301F-11D3-BF4B-00C04F79EFBC}") = "dotnet-starterapp", "dotnet-starterapp\dotnet-starterapp.csproj", "{8136DAD5-7ABA-4A47-A49B-DCEDE0626A8A}"
EndProject
Global
	GlobalSection(SolutionConfigurationPlatforms) = preSolution
		Debug|Any CPU = Debug|Any CPU
		Release|Any CPU = Release|Any CPU
	EndGlobalSection
	GlobalSection(SolutionProperties) = preSolution
		HideSolutionNode = FALSE
	EndGlobalSection
	GlobalSection(ProjectConfigurationPlatforms) = postSolution
		{8136DAD5-7ABA-4A47-A49B-DCEDE0626A8A}.Debug|Any CPU.ActiveCfg = Debug|Any CPU
		{8136DAD5-7ABA-4A47-A49B-DCEDE0626A8A}.Debug|Any CPU.Build.0 = Debug|Any CPU
		{8136DAD5-7ABA-4A47-A49B-DCEDE0626A8A}.Release|Any CPU.ActiveCfg = Release|Any CPU
		{8136DAD5-7ABA-4A47-A49B-DCEDE0626A8A}.Release|Any CPU.Build.0 = Release|Any CPU
	EndGlobalSection
EndGlobal
